// !$*UTF8*$!
{
	archiveVersion = 1;
	classes = {
	};
	objectVersion = 56;
	objects = {

/* Begin PBXBuildFile section */
		SHMGR0000000000000000002 /* SearchHistoryManager.swift in Sources */ = {isa = PBXBuildFile; fileRef = SHMGR0000000000000000001 /* SearchHistoryManager.swift */; };
		S1P2A3R4K5S6M7A8N9A0B1 /* SparksManager.swift in Sources */ = {isa = PBXBuildFile; fileRef = S1P2A3R4K5S6M7A8N9A0F1 /* SparksManager.swift */; };
		F60718293A4B5C6D7E8F901A /* OnboardingView.swift in Sources */ = {isa = PBXBuildFile; fileRef = E5F60718293A4B5C6D7E8F90 /* OnboardingView.swift */; };
		D4E5F60718293A4B5C6D7E8F /* FoodSearchView.swift in Sources */ = {isa = PBXBuildFile; fileRef = C3D4E5F60718293A4B5C6D7E /* FoodSearchView.swift */; };
		F00D5E4V1NG5H33T00000002 /* FoodServingSheet.swift in Sources */ = {isa = PBXBuildFile; fileRef = F00D5E4V1NG5H33T00000001 /* FoodServingSheet.swift */; };
		B2C3D4E5F60718293A4B5C6D /* LevelManager.swift in Sources */ = {isa = PBXBuildFile; fileRef = A1B2C3D4E5F60718293A4B5C /* LevelManager.swift */; };
		162E05446EEB40B484657D3E /* ShareView.swift in Sources */ = {isa = PBXBuildFile; fileRef = 241794DFC4C04FC2B1D379C7 /* ShareView.swift */; };
		84A6383F8E0041B284893F32 /* ServingSizePickerView.swift in Sources */ = {isa = PBXBuildFile; fileRef = 8721E5A5D76F49409FD1125D /* ServingSizePickerView.swift */; };
		8E5DA849CC0443BE82012160 /* BoardView.swift in Sources */ = {isa = PBXBuildFile; fileRef = BD9F37E2885F4A5DA562B21E /* BoardView.swift */; };
		764DDF56756743BC868300EF /* BarcodeScannerView.swift in Sources */ = {isa = PBXBuildFile; fileRef = B03F5FA19E56425B88DF41C0 /* BarcodeScannerView.swift */; };
		8F2CDB3CB6AF4483BE07C4BB /* FoodLookupService.swift in Sources */ = {isa = PBXBuildFile; fileRef = E207C3D8A8E94B9795D0B344 /* FoodLookupService.swift */; };
		17A3DEE4B67041BFA987AF40 /* WaterManager.swift in Sources */ = {isa = PBXBuildFile; fileRef = D178C9F2CD744DFAA82F292E /* WaterManager.swift */; };
		7A96FDEB984F4C908FB94581 /* EmberFlameAvatar.swift in Sources */ = {isa = PBXBuildFile; fileRef = 1EAA363D78A44584AB81B893 /* EmberFlameAvatar.swift */; };
		9B1A2F3E5D7C4A1B8E6F03C2 /* AvatarManager.swift in Sources */ = {isa = PBXBuildFile; fileRef = 4C8E7B9A1F2D4E5A9D3B6F12 /* AvatarManager.swift */; };
		6D4F8A2C9E1B3D5A7C0E4F91 /* AvatarPickerView.swift in Sources */ = {isa = PBXBuildFile; fileRef = 2A9D5E3F7B8C4A1D6E0F9C34 /* AvatarPickerView.swift */; };
		3A0000010000000000000001 /* EmberWatchApp.swift in Sources */ = {isa = PBXBuildFile; fileRef = 3A0000020000000000000001 /* EmberWatchApp.swift */; };
		3A0000030000000000000001 /* ContentView.swift in Sources */ = {isa = PBXBuildFile; fileRef = 3A0000040000000000000001 /* ContentView.swift */; };
		3A0000050000000000000001 /* HomeView.swift in Sources */ = {isa = PBXBuildFile; fileRef = 3A0000060000000000000001 /* HomeView.swift */; };
		3A0000070000000000000001 /* HealthConnectView.swift in Sources */ = {isa = PBXBuildFile; fileRef = 3A0000080000000000000001 /* HealthConnectView.swift */; };
		3A0000090000000000000001 /* HealthKitManager.swift in Sources */ = {isa = PBXBuildFile; fileRef = 3A00000A0000000000000001 /* HealthKitManager.swift */; };
		3A00000B0000000000000001 /* WorkoutModel.swift in Sources */ = {isa = PBXBuildFile; fileRef = 3A00000C0000000000000001 /* WorkoutModel.swift */; };
		3A00000D0000000000000001 /* Assets.xcassets in Resources */ = {isa = PBXBuildFile; fileRef = 3A00000E0000000000000001 /* Assets.xcassets */; };
		3A0000220000000000000001 /* HealthKit.framework in Frameworks */ = {isa = PBXBuildFile; fileRef = 3A0000230000000000000001 /* HealthKit.framework */; };
		3A0000250000000000000001 /* FoodEntry.swift in Sources */ = {isa = PBXBuildFile; fileRef = 3A0000260000000000000001 /* FoodEntry.swift */; };
		3A0000270000000000000001 /* FoodDataManager.swift in Sources */ = {isa = PBXBuildFile; fileRef = 3A0000280000000000000001 /* FoodDataManager.swift */; };
		3A0000290000000000000001 /* CalorieGoalManager.swift in Sources */ = {isa = PBXBuildFile; fileRef = 3A00002A0000000000000001 /* CalorieGoalManager.swift */; };
		3A00002B0000000000000001 /* FoodDiaryView.swift in Sources */ = {isa = PBXBuildFile; fileRef = 3A00002C0000000000000001 /* FoodDiaryView.swift */; };
		3A00002D0000000000000001 /* WorkoutsView.swift in Sources */ = {isa = PBXBuildFile; fileRef = 3A00002E0000000000000001 /* WorkoutsView.swift */; };
		E0F1A2B3C4D5E60718293A4B /* FeedbackManager.swift in Sources */ = {isa = PBXBuildFile; fileRef = F1A2B3C4D5E60718293A4B5C /* FeedbackManager.swift */; };
		C8D9E0F1A2B3C4D5E6071829 /* FeedbackSheetView.swift in Sources */ = {isa = PBXBuildFile; fileRef = D9E0F1A2B3C4D5E60718293A /* FeedbackSheetView.swift */; };
		A0B1C2D3E4F5061728394A5B /* WeightManager.swift in Sources */ = {isa = PBXBuildFile; fileRef = B1C2D3E4F5061728394A5B6C /* WeightManager.swift */; };
		4D69EF69965942DDB28F80CF /* FriendsManager.swift in Sources */ = {isa = PBXBuildFile; fileRef = 8FFD5926647D460D8448F0BD /* FriendsManager.swift */; };
		42F967E4917D41CD9BAD3073 /* EmberTalkManager.swift in Sources */ = {isa = PBXBuildFile; fileRef = 9B0D1032C8C44EAC8B0F675C /* EmberTalkManager.swift */; };
		ETO0000000000000000000002 /* EmberTalkOverlay.swift in Sources */ = {isa = PBXBuildFile; fileRef = ETO0000000000000000000001 /* EmberTalkOverlay.swift */; };
		WPC0000000000000000000002 /* WeightProjectionChart.swift in Sources */ = {isa = PBXBuildFile; fileRef = WPC0000000000000000000001 /* WeightProjectionChart.swift */; };
		LUCELF774E9036E13409391 /* LevelUpCelebrationView.swift in Sources */ = {isa = PBXBuildFile; fileRef = LUCEL44F7B0C7808A4056AB /* LevelUpCelebrationView.swift */; };
/* End PBXBuildFile section */

/* Begin PBXFileReference section */
		SHMGR0000000000000000001 /* SearchHistoryManager.swift */ = {isa = PBXFileReference; lastKnownFileType = sourcecode.swift; path = SearchHistoryManager.swift; sourceTree = "<group>"; };
		S1P2A3R4K5S6M7A8N9A0F1 /* SparksManager.swift */ = {isa = PBXFileReference; lastKnownFileType = sourcecode.swift; path = SparksManager.swift; sourceTree = "<group>"; };
		E5F60718293A4B5C6D7E8F90 /* OnboardingView.swift */ = {isa = PBXFileReference; lastKnownFileType = sourcecode.swift; path = OnboardingView.swift; sourceTree = "<group>"; };
		C3D4E5F60718293A4B5C6D7E /* FoodSearchView.swift */ = {isa = PBXFileReference; lastKnownFileType = sourcecode.swift; path = FoodSearchView.swift; sourceTree = "<group>"; };
		F00D5E4V1NG5H33T00000001 /* FoodServingSheet.swift */ = {isa = PBXFileReference; lastKnownFileType = sourcecode.swift; path = FoodServingSheet.swift; sourceTree = "<group>"; };
		A1B2C3D4E5F60718293A4B5C /* LevelManager.swift */ = {isa = PBXFileReference; lastKnownFileType = sourcecode.swift; path = LevelManager.swift; sourceTree = "<group>"; };
		F1A2B3C4D5E60718293A4B5C /* FeedbackManager.swift */ = {isa = PBXFileReference; lastKnownFileType = sourcecode.swift; path = FeedbackManager.swift; sourceTree = "<group>"; };
		D9E0F1A2B3C4D5E60718293A /* FeedbackSheetView.swift */ = {isa = PBXFileReference; lastKnownFileType = sourcecode.swift; path = FeedbackSheetView.swift; sourceTree = "<group>"; };
		241794DFC4C04FC2B1D379C7 /* ShareView.swift */ = {isa = PBXFileReference; lastKnownFileType = sourcecode.swift; path = ShareView.swift; sourceTree = "<group>"; };
		8721E5A5D76F49409FD1125D /* ServingSizePickerView.swift */ = {isa = PBXFileReference; lastKnownFileType = sourcecode.swift; path = ServingSizePickerView.swift; sourceTree = "<group>"; };
		BD9F37E2885F4A5DA562B21E /* BoardView.swift */ = {isa = PBXFileReference; lastKnownFileType = sourcecode.swift; path = BoardView.swift; sourceTree = "<group>"; };
		B03F5FA19E56425B88DF41C0 /* BarcodeScannerView.swift */ = {isa = PBXFileReference; lastKnownFileType = sourcecode.swift; path = BarcodeScannerView.swift; sourceTree = "<group>"; };
		E207C3D8A8E94B9795D0B344 /* FoodLookupService.swift */ = {isa = PBXFileReference; lastKnownFileType = sourcecode.swift; path = FoodLookupService.swift; sourceTree = "<group>"; };
		D178C9F2CD744DFAA82F292E /* WaterManager.swift */ = {isa = PBXFileReference; lastKnownFileType = sourcecode.swift; path = WaterManager.swift; sourceTree = "<group>"; };
		1EAA363D78A44584AB81B893 /* EmberFlameAvatar.swift */ = {isa = PBXFileReference; lastKnownFileType = sourcecode.swift; path = EmberFlameAvatar.swift; sourceTree = "<group>"; };
		4C8E7B9A1F2D4E5A9D3B6F12 /* AvatarManager.swift */ = {isa = PBXFileReference; lastKnownFileType = sourcecode.swift; path = AvatarManager.swift; sourceTree = "<group>"; };
		2A9D5E3F7B8C4A1D6E0F9C34 /* AvatarPickerView.swift */ = {isa = PBXFileReference; lastKnownFileType = sourcecode.swift; path = AvatarPickerView.swift; sourceTree = "<group>"; };
		3A0000000000000000000001 /* EmberWatch.app */ = {isa = PBXFileReference; explicitFileType = wrapper.application; includeInIndex = 0; path = EmberWatch.app; sourceTree = BUILT_PRODUCTS_DIR; };
		3A0000020000000000000001 /* EmberWatchApp.swift */ = {isa = PBXFileReference; lastKnownFileType = sourcecode.swift; path = EmberWatchApp.swift; sourceTree = "<group>"; };
		3A0000040000000000000001 /* ContentView.swift */ = {isa = PBXFileReference; lastKnownFileType = sourcecode.swift; path = ContentView.swift; sourceTree = "<group>"; };
		3A0000060000000000000001 /* HomeView.swift */ = {isa = PBXFileReference; lastKnownFileType = sourcecode.swift; path = HomeView.swift; sourceTree = "<group>"; };
		3A0000080000000000000001 /* HealthConnectView.swift */ = {isa = PBXFileReference; lastKnownFileType = sourcecode.swift; path = HealthConnectView.swift; sourceTree = "<group>"; };
		3A00000A0000000000000001 /* HealthKitManager.swift */ = {isa = PBXFileReference; lastKnownFileType = sourcecode.swift; path = HealthKitManager.swift; sourceTree = "<group>"; };
		3A00000C0000000000000001 /* WorkoutModel.swift */ = {isa = PBXFileReference; lastKnownFileType = sourcecode.swift; path = WorkoutModel.swift; sourceTree = "<group>"; };
		3A00000E0000000000000001 /* Assets.xcassets */ = {isa = PBXFileReference; lastKnownFileType = folder.assetcatalog; path = Assets.xcassets; sourceTree = "<group>"; };
		3A00000F0000000000000001 /* Info.plist */ = {isa = PBXFileReference; lastKnownFileType = text.plist.xml; path = Info.plist; sourceTree = "<group>"; };
		3A0000100000000000000001 /* EmberWatch.entitlements */ = {isa = PBXFileReference; lastKnownFileType = text.plist.entitlements; path = EmberWatch.entitlements; sourceTree = "<group>"; };
		3A0000230000000000000001 /* HealthKit.framework */ = {isa = PBXFileReference; lastKnownFileType = wrapper.framework; name = HealthKit.framework; path = System/Library/Frameworks/HealthKit.framework; sourceTree = SDKROOT; };
		3A0000260000000000000001 /* FoodEntry.swift */ = {isa = PBXFileReference; lastKnownFileType = sourcecode.swift; path = FoodEntry.swift; sourceTree = "<group>"; };
		3A0000280000000000000001 /* FoodDataManager.swift */ = {isa = PBXFileReference; lastKnownFileType = sourcecode.swift; path = FoodDataManager.swift; sourceTree = "<group>"; };
		3A00002A0000000000000001 /* CalorieGoalManager.swift */ = {isa = PBXFileReference; lastKnownFileType = sourcecode.swift; path = CalorieGoalManager.swift; sourceTree = "<group>"; };
		3A00002C0000000000000001 /* FoodDiaryView.swift */ = {isa = PBXFileReference; lastKnownFileType = sourcecode.swift; path = FoodDiaryView.swift; sourceTree = "<group>"; };
		3A00002E0000000000000001 /* WorkoutsView.swift */ = {isa = PBXFileReference; lastKnownFileType = sourcecode.swift; path = WorkoutsView.swift; sourceTree = "<group>"; };
		B1C2D3E4F5061728394A5B6C /* WeightManager.swift */ = {isa = PBXFileReference; lastKnownFileType = sourcecode.swift; path = WeightManager.swift; sourceTree = "<group>"; };
		8FFD5926647D460D8448F0BD /* FriendsManager.swift */ = {isa = PBXFileReference; lastKnownFileType = sourcecode.swift; path = FriendsManager.swift; sourceTree = "<group>"; };
		9B0D1032C8C44EAC8B0F675C /* EmberTalkManager.swift */ = {isa = PBXFileReference; lastKnownFileType = sourcecode.swift; path = EmberTalkManager.swift; sourceTree = "<group>"; };
		ETO0000000000000000000001 /* EmberTalkOverlay.swift */ = {isa = PBXFileReference; lastKnownFileType = sourcecode.swift; path = EmberTalkOverlay.swift; sourceTree = "<group>"; };
		WPC0000000000000000000001 /* WeightProjectionChart.swift */ = {isa = PBXFileReference; lastKnownFileType = sourcecode.swift; path = WeightProjectionChart.swift; sourceTree = "<group>"; };
		LUCEL44F7B0C7808A4056AB /* LevelUpCelebrationView.swift */ = {isa = PBXFileReference; lastKnownFileType = sourcecode.swift; path = LevelUpCelebrationView.swift; sourceTree = "<group>"; };
/* End PBXFileReference section */

/* Begin PBXFrameworksBuildPhase section */
		3A0000110000000000000001 /* Frameworks */ = {
			isa = PBXFrameworksBuildPhase;
			buildActionMask = 2147483647;
			files = (
				3A0000220000000000000001 /* HealthKit.framework in Frameworks */,
			);
			runOnlyForDeploymentPostprocessing = 0;
		};
/* End PBXFrameworksBuildPhase section */

/* Begin PBXGroup section */
		3A0000120000000000000001 = {
			isa = PBXGroup;
			children = (
				3A0000130000000000000001 /* EmberWatch */,
				3A0000140000000000000001 /* Products */,
				3A0000240000000000000001 /* Frameworks */,
			);
			sourceTree = "<group>";
		};
		3A0000130000000000000001 /* EmberWatch */ = {
			isa = PBXGroup;
			children = (
				3A0000100000000000000001 /* EmberWatch.entitlements */,
				3A00000F0000000000000001 /* Info.plist */,
				3A0000020000000000000001 /* EmberWatchApp.swift */,
				3A0000040000000000000001 /* ContentView.swift */,
				3A0000150000000000000001 /* Views */,
				3A0000160000000000000001 /* Models */,
				3A0000170000000000000001 /* Managers */,
				39F89D34EA4C4730ADA30CBC /* Services */,
				3A00000E0000000000000001 /* Assets.xcassets */,
			);
			path = EmberWatch;
			sourceTree = "<group>";
		};
		3A0000140000000000000001 /* Products */ = {
			isa = PBXGroup;
			children = (
				3A0000000000000000000001 /* EmberWatch.app */,
			);
			name = Products;
			sourceTree = "<group>";
		};
		3A0000150000000000000001 /* Views */ = {
			isa = PBXGroup;
			children = (
				241794DFC4C04FC2B1D379C7 /* ShareView.swift */,
				8721E5A5D76F49409FD1125D /* ServingSizePickerView.swift */,
				F00D5E4V1NG5H33T00000001 /* FoodServingSheet.swift */,
				BD9F37E2885F4A5DA562B21E /* BoardView.swift */,
				B03F5FA19E56425B88DF41C0 /* BarcodeScannerView.swift */,
				3A0000060000000000000001 /* HomeView.swift */,
				E5F60718293A4B5C6D7E8F90 /* OnboardingView.swift */,
				1EAA363D78A44584AB81B893 /* EmberFlameAvatar.swift */,
				2A9D5E3F7B8C4A1D6E0F9C34 /* AvatarPickerView.swift */,
				3A0000080000000000000001 /* HealthConnectView.swift */,
				3A00002C0000000000000001 /* FoodDiaryView.swift */,
				C3D4E5F60718293A4B5C6D7E /* FoodSearchView.swift */,
				D9E0F1A2B3C4D5E60718293A /* FeedbackSheetView.swift */,
				3A00002E0000000000000001 /* WorkoutsView.swift */,
				ETO0000000000000000000001 /* EmberTalkOverlay.swift */,
				WPC0000000000000000000001 /* WeightProjectionChart.swift */,
				LUCEL44F7B0C7808A4056AB /* LevelUpCelebrationView.swift */,
			);
			path = Views;
			sourceTree = "<group>";
		};
		3A0000160000000000000001 /* Models */ = {
			isa = PBXGroup;
			children = (
				3A00000C0000000000000001 /* WorkoutModel.swift */,
				3A0000260000000000000001 /* FoodEntry.swift */,
			);
			path = Models;
			sourceTree = "<group>";
		};
		39F89D34EA4C4730ADA30CBC /* Services */ = {
			isa = PBXGroup;
			children = (
				E207C3D8A8E94B9795D0B344 /* FoodLookupService.swift */,
			);
			path = Services;
			sourceTree = "<group>";
		};
		3A0000170000000000000001 /* Managers */ = {
			isa = PBXGroup;
			children = (
				D178C9F2CD744DFAA82F292E /* WaterManager.swift */,
				3A00000A0000000000000001 /* HealthKitManager.swift */,
				3A0000280000000000000001 /* FoodDataManager.swift */,
				3A00002A0000000000000001 /* CalorieGoalManager.swift */,
				4C8E7B9A1F2D4E5A9D3B6F12 /* AvatarManager.swift */,
				A1B2C3D4E5F60718293A4B5C /* LevelManager.swift */,
				S1P2A3R4K5S6M7A8N9A0F1 /* SparksManager.swift */,
				F1A2B3C4D5E60718293A4B5C /* FeedbackManager.swift */,
				B1C2D3E4F5061728394A5B6C /* WeightManager.swift */,
				8FFD5926647D460D8448F0BD /* FriendsManager.swift */,
				SHMGR0000000000000000001 /* SearchHistoryManager.swift */,
				9B0D1032C8C44EAC8B0F675C /* EmberTalkManager.swift */,
			);
			path = Managers;
			sourceTree = "<group>";
		};
		3A0000240000000000000001 /* Frameworks */ = {
			isa = PBXGroup;
			children = (
				3A0000230000000000000001 /* HealthKit.framework */,
			);
			name = Frameworks;
			sourceTree = "<group>";
		};
/* End PBXGroup section */

/* Begin PBXNativeTarget section */
		3A0000180000000000000001 /* EmberWatch */ = {
			isa = PBXNativeTarget;
			buildConfigurationList = 3A0000190000000000000001 /* Build configuration list for PBXNativeTarget "EmberWatch" */;
			buildPhases = (
				3A00001A0000000000000001 /* Sources */,
				3A0000110000000000000001 /* Frameworks */,
				3A00001B0000000000000001 /* Resources */,
			);
			buildRules = (
			);
			dependencies = (
			);
			name = EmberWatch;
			productName = EmberWatch;
			productReference = 3A0000000000000000000001 /* EmberWatch.app */;
			productType = "com.apple.product-type.application";
		};
/* End PBXNativeTarget section */

/* Begin PBXProject section */
		3A00001C0000000000000001 /* Project object */ = {
			isa = PBXProject;
			attributes = {
				BuildIndependentTargetsInParallel = 1;
				LastSwiftUpdateCheck = 1500;
				LastUpgradeCheck = 1500;
				TargetAttributes = {
					3A0000180000000000000001 = {
						CreatedOnToolsVersion = 15.0;
					};
				};
			};
			buildConfigurationList = 3A00001D0000000000000001 /* Build configuration list for PBXProject "EmberWatch" */;
			compatibilityVersion = "Xcode 14.0";
			developmentRegion = en;
			hasScannedForEncodings = 0;
			knownRegions = (
				en,
				Base,
			);
			mainGroup = 3A0000120000000000000001;
			productRefGroup = 3A0000140000000000000001 /* Products */;
			projectDirPath = "";
			projectRoot = "";
			targets = (
				3A0000180000000000000001 /* EmberWatch */,
			);
		};
/* End PBXProject section */

/* Begin PBXResourcesBuildPhase section */
		3A00001B0000000000000001 /* Resources */ = {
			isa = PBXResourcesBuildPhase;
			buildActionMask = 2147483647;
			files = (
				3A00000D0000000000000001 /* Assets.xcassets in Resources */,
			);
			runOnlyForDeploymentPostprocessing = 0;
		};
/* End PBXResourcesBuildPhase section */

/* Begin PBXSourcesBuildPhase section */
		3A00001A0000000000000001 /* Sources */ = {
			isa = PBXSourcesBuildPhase;
			buildActionMask = 2147483647;
			files = (
				3A0000030000000000000001 /* ContentView.swift in Sources */,
				3A0000010000000000000001 /* EmberWatchApp.swift in Sources */,
				3A0000050000000000000001 /* HomeView.swift in Sources */,
				F60718293A4B5C6D7E8F901A /* OnboardingView.swift in Sources */,
				162E05446EEB40B484657D3E /* ShareView.swift in Sources */,
				84A6383F8E0041B284893F32 /* ServingSizePickerView.swift in Sources */,
				F00D5E4V1NG5H33T00000002 /* FoodServingSheet.swift in Sources */,
				8E5DA849CC0443BE82012160 /* BoardView.swift in Sources */,
				764DDF56756743BC868300EF /* BarcodeScannerView.swift in Sources */,
				8F2CDB3CB6AF4483BE07C4BB /* FoodLookupService.swift in Sources */,
				17A3DEE4B67041BFA987AF40 /* WaterManager.swift in Sources */,
				7A96FDEB984F4C908FB94581 /* EmberFlameAvatar.swift in Sources */,
				9B1A2F3E5D7C4A1B8E6F03C2 /* AvatarManager.swift in Sources */,
				B2C3D4E5F60718293A4B5C6D /* LevelManager.swift in Sources */,
				S1P2A3R4K5S6M7A8N9A0B1 /* SparksManager.swift in Sources */,
				E0F1A2B3C4D5E60718293A4B /* FeedbackManager.swift in Sources */,
				A0B1C2D3E4F5061728394A5B /* WeightManager.swift in Sources */,
				4D69EF69965942DDB28F80CF /* FriendsManager.swift in Sources */,
				SHMGR0000000000000000002 /* SearchHistoryManager.swift in Sources */,
				C8D9E0F1A2B3C4D5E6071829 /* FeedbackSheetView.swift in Sources */,
				6D4F8A2C9E1B3D5A7C0E4F91 /* AvatarPickerView.swift in Sources */,
				3A0000070000000000000001 /* HealthConnectView.swift in Sources */,
				3A0000090000000000000001 /* HealthKitManager.swift in Sources */,
				3A00000B0000000000000001 /* WorkoutModel.swift in Sources */,
				3A0000250000000000000001 /* FoodEntry.swift in Sources */,
				3A0000270000000000000001 /* FoodDataManager.swift in Sources */,
				3A0000290000000000000001 /* CalorieGoalManager.swift in Sources */,
				3A00002B0000000000000001 /* FoodDiaryView.swift in Sources */,
				D4E5F60718293A4B5C6D7E8F /* FoodSearchView.swift in Sources */,
				3A00002D0000000000000001 /* WorkoutsView.swift in Sources */,
				42F967E4917D41CD9BAD3073 /* EmberTalkManager.swift in Sources */,
				LUCELF774E9036E13409391 /* LevelUpCelebrationView.swift in Sources */,
				ETO0000000000000000000002 /* EmberTalkOverlay.swift in Sources */,
				WPC0000000000000000000002 /* WeightProjectionChart.swift in Sources */,
			);
			runOnlyForDeploymentPostprocessing = 0;
		};
/* End PBXSourcesBuildPhase section */

/* Begin XCBuildConfiguration section */
		3A00001E0000000000000001 /* Debug */ = {
			isa = XCBuildConfiguration;
			buildSettings = {
				ALWAYS_SEARCH_USER_PATHS = NO;
				ASSETCATALOG_COMPILER_GENERATE_SWIFT_ASSET_SYMBOL_EXTENSIONS = YES;
				CLANG_ANALYZER_NONNULL = YES;
				CLANG_ANALYZER_NUMBER_OBJECT_CONVERSION = YES_AGGRESSIVE;
				CLANG_CXX_LANGUAGE_STANDARD = "gnu++20";
				CLANG_ENABLE_MODULES = YES;
				CLANG_ENABLE_OBJC_ARC = YES;
				CLANG_ENABLE_OBJC_WEAK = YES;
				CLANG_WARN_BLOCK_CAPTURE_AUTORELEASING = YES;
				CLANG_WARN_BOOL_CONVERSION = YES;
				CLANG_WARN_COMMA = YES;
				CLANG_WARN_CONSTANT_CONVERSION = YES;
				CLANG_WARN_DEPRECATED_OBJC_IMPLEMENTATIONS = YES;
				CLANG_WARN_DIRECT_OBJC_ISA_USAGE = YES_ERROR;
				CLANG_WARN_DOCUMENTATION_COMMENTS = YES;
				CLANG_WARN_EMPTY_BODY = YES;
				CLANG_WARN_ENUM_CONVERSION = YES;
				CLANG_WARN_INFINITE_RECURSION = YES;
				CLANG_WARN_INT_CONVERSION = YES;
				CLANG_WARN_NON_LITERAL_NULL_CONVERSION = YES;
				CLANG_WARN_OBJC_IMPLICIT_RETAIN_SELF = YES;
				CLANG_WARN_OBJC_LITERAL_CONVERSION = YES;
				CLANG_WARN_OBJC_ROOT_CLASS = YES_ERROR;
				CLANG_WARN_QUOTED_INCLUDE_IN_FRAMEWORK_HEADER = YES;
				CLANG_WARN_RANGE_LOOP_ANALYSIS = YES;
				CLANG_WARN_STRICT_PROTOTYPES = YES;
				CLANG_WARN_SUSPICIOUS_MOVE = YES;
				CLANG_WARN_UNGUARDED_AVAILABILITY = YES_AGGRESSIVE;
				CLANG_WARN_UNREACHABLE_CODE = YES;
				CLANG_WARN__DUPLICATE_METHOD_MATCH = YES;
				COPY_PHASE_STRIP = NO;
				DEBUG_INFORMATION_FORMAT = dwarf;
				ENABLE_STRICT_OBJC_MSGSEND = YES;
				ENABLE_TESTABILITY = YES;
				ENABLE_USER_SCRIPT_SANDBOXING = YES;
				GCC_C_LANGUAGE_STANDARD = gnu17;
				GCC_DYNAMIC_NO_PIC = NO;
				GCC_NO_COMMON_BLOCKS = YES;
				GCC_OPTIMIZATION_LEVEL = 0;
				GCC_PREPROCESSOR_DEFINITIONS = (
					"DEBUG=1",
					"$(inherited)",
				);
				GCC_WARN_64_TO_32_BIT_CONVERSION = YES;
				GCC_WARN_ABOUT_RETURN_TYPE = YES_ERROR;
				GCC_WARN_UNDECLARED_SELECTOR = YES;
				GCC_WARN_UNINITIALIZED_AUTOS = YES_AGGRESSIVE;
				GCC_WARN_UNUSED_FUNCTION = YES;
				GCC_WARN_UNUSED_VARIABLE = YES;
				IPHONEOS_DEPLOYMENT_TARGET = 17.0;
				LOCALIZATION_PREFERS_STRING_CATALOGS = YES;
				MTL_ENABLE_DEBUG_INFO = INCLUDE_SOURCE;
				MTL_FAST_MATH = YES;
				ONLY_ACTIVE_ARCH = YES;
				SDKROOT = iphoneos;
				SWIFT_ACTIVE_COMPILATION_CONDITIONS = "DEBUG $(inherited)";
				SWIFT_OPTIMIZATION_LEVEL = "-Onone";
			};
			name = Debug;
		};
		3A00001F0000000000000001 /* Release */ = {
			isa = XCBuildConfiguration;
			buildSettings = {
				ALWAYS_SEARCH_USER_PATHS = NO;
				ASSETCATALOG_COMPILER_GENERATE_SWIFT_ASSET_SYMBOL_EXTENSIONS = YES;
				CLANG_ANALYZER_NONNULL = YES;
				CLANG_ANALYZER_NUMBER_OBJECT_CONVERSION = YES_AGGRESSIVE;
				CLANG_CXX_LANGUAGE_STANDARD = "gnu++20";
				CLANG_ENABLE_MODULES = YES;
				CLANG_ENABLE_OBJC_ARC = YES;
				CLANG_ENABLE_OBJC_WEAK = YES;
				CLANG_WARN_BLOCK_CAPTURE_AUTORELEASING = YES;
				CLANG_WARN_BOOL_CONVERSION = YES;
				CLANG_WARN_COMMA = YES;
				CLANG_WARN_CONSTANT_CONVERSION = YES;
				CLANG_WARN_DEPRECATED_OBJC_IMPLEMENTATIONS = YES;
				CLANG_WARN_DIRECT_OBJC_ISA_USAGE = YES_ERROR;
				CLANG_WARN_DOCUMENTATION_COMMENTS = YES;
				CLANG_WARN_EMPTY_BODY = YES;
				CLANG_WARN_ENUM_CONVERSION = YES;
				CLANG_WARN_INFINITE_RECURSION = YES;
				CLANG_WARN_INT_CONVERSION = YES;
				CLANG_WARN_NON_LITERAL_NULL_CONVERSION = YES;
				CLANG_WARN_OBJC_IMPLICIT_RETAIN_SELF = YES;
				CLANG_WARN_OBJC_LITERAL_CONVERSION = YES;
				CLANG_WARN_OBJC_ROOT_CLASS = YES_ERROR;
				CLANG_WARN_QUOTED_INCLUDE_IN_FRAMEWORK_HEADER = YES;
				CLANG_WARN_RANGE_LOOP_ANALYSIS = YES;
				CLANG_WARN_STRICT_PROTOTYPES = YES;
				CLANG_WARN_SUSPICIOUS_MOVE = YES;
				CLANG_WARN_UNGUARDED_AVAILABILITY = YES_AGGRESSIVE;
				CLANG_WARN_UNREACHABLE_CODE = YES;
				CLANG_WARN__DUPLICATE_METHOD_MATCH = YES;
				COPY_PHASE_STRIP = NO;
				DEBUG_INFORMATION_FORMAT = "dwarf-with-dsym";
				ENABLE_NS_ASSERTIONS = NO;
				ENABLE_STRICT_OBJC_MSGSEND = YES;
				ENABLE_USER_SCRIPT_SANDBOXING = YES;
				GCC_C_LANGUAGE_STANDARD = gnu17;
				GCC_NO_COMMON_BLOCKS = YES;
				GCC_WARN_64_TO_32_BIT_CONVERSION = YES;
				GCC_WARN_ABOUT_RETURN_TYPE = YES_ERROR;
				GCC_WARN_UNDECLARED_SELECTOR = YES;
				GCC_WARN_UNINITIALIZED_AUTOS = YES_AGGRESSIVE;
				GCC_WARN_UNUSED_FUNCTION = YES;
				GCC_WARN_UNUSED_VARIABLE = YES;
				IPHONEOS_DEPLOYMENT_TARGET = 17.0;
				LOCALIZATION_PREFERS_STRING_CATALOGS = YES;
				MTL_ENABLE_DEBUG_INFO = NO;
				MTL_FAST_MATH = YES;
				SDKROOT = iphoneos;
				SWIFT_COMPILATION_MODE = wholemodule;
				VALIDATE_PRODUCT = YES;
			};
			name = Release;
		};
		3A0000200000000000000001 /* Debug */ = {
			isa = XCBuildConfiguration;
			buildSettings = {
				ASSETCATALOG_COMPILER_APPICON_NAME = AppIcon;
				ASSETCATALOG_COMPILER_GLOBAL_ACCENT_COLOR_NAME = AccentColor;
			CODE_SIGN_ENTITLEMENTS = EmberWatch/EmberWatch.entitlements;
			CODE_SIGN_STYLE = Automatic;
			CURRENT_PROJECT_VERSION = 1;
			DEVELOPMENT_TEAM = 4UNUWW2348;
			ENABLE_PREVIEWS = YES;
				GENERATE_INFOPLIST_FILE = NO;
				INFOPLIST_FILE = EmberWatch/Info.plist;
				INFOPLIST_KEY_UIApplicationSceneManifest_Generation = YES;
				INFOPLIST_KEY_UIApplicationSupportsIndirectInputEvents = YES;
				INFOPLIST_KEY_UILaunchScreen_Generation = YES;
				INFOPLIST_KEY_UISupportedInterfaceOrientations = UIInterfaceOrientationPortrait;
				INFOPLIST_KEY_UISupportedInterfaceOrientations_iPad = "UIInterfaceOrientationPortrait UIInterfaceOrientationPortraitUpsideDown UIInterfaceOrientationLandscapeLeft UIInterfaceOrientationLandscapeRight";
				LD_RUNPATH_SEARCH_PATHS = (
					"$(inherited)",
					"@executable_path/Frameworks",
				);
				MARKETING_VERSION = 1.0;
				PRODUCT_BUNDLE_IDENTIFIER = com.ember.watch;
				PRODUCT_NAME = "$(TARGET_NAME)";
				SWIFT_EMIT_LOC_STRINGS = YES;
				SWIFT_VERSION = 5.0;
				TARGETED_DEVICE_FAMILY = "1,2";
			};
			name = Debug;
		};
		3A0000210000000000000001 /* Release */ = {
			isa = XCBuildConfiguration;
			buildSettings = {
				ASSETCATALOG_COMPILER_APPICON_NAME = AppIcon;
				ASSETCATALOG_COMPILER_GLOBAL_ACCENT_COLOR_NAME = AccentColor;
			CODE_SIGN_ENTITLEMENTS = EmberWatch/EmberWatch.entitlements;
			CODE_SIGN_STYLE = Automatic;
			CURRENT_PROJECT_VERSION = 1;
			DEVELOPMENT_TEAM = 4UNUWW2348;
			ENABLE_PREVIEWS = YES;
				GENERATE_INFOPLIST_FILE = NO;
				INFOPLIST_FILE = EmberWatch/Info.plist;
				INFOPLIST_KEY_UIApplicationSceneManifest_Generation = YES;
				INFOPLIST_KEY_UIApplicationSupportsIndirectInputEvents = YES;
				INFOPLIST_KEY_UILaunchScreen_Generation = YES;
				INFOPLIST_KEY_UISupportedInterfaceOrientations = UIInterfaceOrientationPortrait;
				INFOPLIST_KEY_UISupportedInterfaceOrientations_iPad = "UIInterfaceOrientationPortrait UIInterfaceOrientationPortraitUpsideDown UIInterfaceOrientationLandscapeLeft UIInterfaceOrientationLandscapeRight";
				LD_RUNPATH_SEARCH_PATHS = (
					"$(inherited)",
					"@executable_path/Frameworks",
				);
				MARKETING_VERSION = 1.0;
				PRODUCT_BUNDLE_IDENTIFIER = com.ember.watch;
				PRODUCT_NAME = "$(TARGET_NAME)";
				SWIFT_EMIT_LOC_STRINGS = YES;
				SWIFT_VERSION = 5.0;
				TARGETED_DEVICE_FAMILY = "1,2";
			};
			name = Release;
		};
/* End XCBuildConfiguration section */

/* Begin XCConfigurationList section */
		3A0000190000000000000001 /* Build configuration list for PBXNativeTarget "EmberWatch" */ = {
			isa = XCConfigurationList;
			buildConfigurations = (
				3A0000200000000000000001 /* Debug */,
				3A0000210000000000000001 /* Release */,
			);
			defaultConfigurationIsVisible = 0;
			defaultConfigurationName = Release;
		};
		3A00001D0000000000000001 /* Build configuration list for PBXProject "EmberWatch" */ = {
			isa = XCConfigurationList;
			buildConfigurations = (
				3A00001E0000000000000001 /* Debug */,
				3A00001F0000000000000001 /* Release */,
			);
			defaultConfigurationIsVisible = 0;
			defaultConfigurationName = Release;
		};
/* End XCConfigurationList section */
	};
	rootObject = 3A00001C0000000000000001 /* Project object */;
}
